
Microsoft Visual Studio Solution File, Format Version 12.00
# Visual Studio Version 17
VisualStudioVersion = 17.4.33110.190
MinimumVisualStudioVersion = 10.0.40219.1
Project("{FAE04EC0-301F-11D3-BF4B-00C04F79EFBC}") = "CarRegistrationsAPI", "CarRegistrationsAPI\CarRegistrationsAPI.csproj", "{1BB020AD-C4F8-4277-BDDF-06E9E5EA54C8}"
EndProject
Global
	GlobalSection(SolutionConfigurationPlatforms) = preSolution
		Debug|Any CPU = Debug|Any CPU
		Release|Any CPU = Release|Any CPU
	EndGlobalSection
	GlobalSection(ProjectConfigurationPlatforms) = postSolution
		{1BB020AD-C4F8-4277-BDDF-06E9E5EA54C8}.Debug|Any CPU.ActiveCfg = Debug|Any CPU
		{1BB020AD-C4F8-4277-BDDF-06E9E5EA54C8}.Debug|Any CPU.Build.0 = Debug|Any CPU
		{1BB020AD-C4F8-4277-BDDF-06E9E5EA54C8}.Release|Any CPU.ActiveCfg = Release|Any CPU
		{1BB020AD-C4F8-4277-BDDF-06E9E5EA54C8}.Release|Any CPU.Build.0 = Release|Any CPU
	EndGlobalSection
	GlobalSection(SolutionProperties) = preSolution
		HideSolutionNode = FALSE
	EndGlobalSection
	GlobalSection(ExtensibilityGlobals) = postSolution
		SolutionGuid = {61B10029-CA1C-4DA9-8152-DE4C5B05CB9A}
	EndGlobalSection
EndGlobal
